
Microsoft Visual Studio Solution File, Format Version 12.00
# Visual Studio Version 17
VisualStudioVersion = 17.5.33627.172
MinimumVisualStudioVersion = 10.0.40219.1
Project("{FAE04EC0-301F-11D3-BF4B-00C04F79EFBC}") = "Backpack.App", "Backpack.App.csproj", "{A01AF573-824D-40BE-A5E6-C14255FFA002}"
EndProject
Global
	GlobalSection(SolutionConfigurationPlatforms) = preSolution
		Debug|Any CPU = Debug|Any CPU
		Release|Any CPU = Release|Any CPU
	EndGlobalSection
	GlobalSection(ProjectConfigurationPlatforms) = postSolution
		{A01AF573-824D-40BE-A5E6-C14255FFA002}.Debug|Any CPU.ActiveCfg = Debug|Any CPU
		{A01AF573-824D-40BE-A5E6-C14255FFA002}.Debug|Any CPU.Build.0 = Debug|Any CPU
		{A01AF573-824D-40BE-A5E6-C14255FFA002}.Release|Any CPU.ActiveCfg = Release|Any CPU
		{A01AF573-824D-40BE-A5E6-C14255FFA002}.Release|Any CPU.Build.0 = Release|Any CPU
	EndGlobalSection
	GlobalSection(SolutionProperties) = preSolution
		HideSolutionNode = FALSE
	EndGlobalSection
	GlobalSection(ExtensibilityGlobals) = postSolution
		SolutionGuid = {024EF7FE-DCD6-4E12-B9B6-21CA85EDB188}
	EndGlobalSection
EndGlobal
